// !$*UTF8*$!
{
	archiveVersion = 1;
	classes = {
	};
	objectVersion = 52;
	objects = {

/* Begin PBXBuildFile section */
		E910118E2373541F00018D22 /* AuctionListViewController.swift in Sources */ = {isa = PBXBuildFile; fileRef = E910118D2373541F00018D22 /* AuctionListViewController.swift */; platformFilter = ios; };
		E9196C6C23871E4B00FCC973 /* FakeApiClient.swift in Sources */ = {isa = PBXBuildFile; fileRef = E9196C6B23871E4B00FCC973 /* FakeApiClient.swift */; platformFilter = ios; };
		E9196C70238723C800FCC973 /* AsyncApiClient.swift in Sources */ = {isa = PBXBuildFile; fileRef = E9196C6F238723C800FCC973 /* AsyncApiClient.swift */; };
		E9196C72238732D800FCC973 /* JsonHelper.swift in Sources */ = {isa = PBXBuildFile; fileRef = E9196C71238732D800FCC973 /* JsonHelper.swift */; platformFilter = ios; };
		E93215D923734E900073D3BD /* Junk4Dollars_appUITests.swift in Sources */ = {isa = PBXBuildFile; fileRef = E93215D823734E900073D3BD /* Junk4Dollars_appUITests.swift */; platformFilter = ios; };
		E96DC748239848CD00D60E49 /* ApiCallResult.swift in Sources */ = {isa = PBXBuildFile; fileRef = E96DC747239848CD00D60E49 /* ApiCallResult.swift */; };
		E96DC74B2398597500D60E49 /* User.swift in Sources */ = {isa = PBXBuildFile; fileRef = E96DC74A2398597500D60E49 /* User.swift */; };
		E96DC74F2399593700D60E49 /* AuthenticationDependencies.swift in Sources */ = {isa = PBXBuildFile; fileRef = E96DC74E2399593700D60E49 /* AuthenticationDependencies.swift */; };
		E96DC755239AB74E00D60E49 /* ApiDependencies.swift in Sources */ = {isa = PBXBuildFile; fileRef = E96DC754239AB74E00D60E49 /* ApiDependencies.swift */; };
		E9AA1975237329D600136975 /* AuctionListViewController.swift in Sources */ = {isa = PBXBuildFile; fileRef = E9AA1974237329D600136975 /* AuctionListViewController.swift */; };
		E9AA197923732FA300136975 /* Auction.swift in Sources */ = {isa = PBXBuildFile; fileRef = E9AA197823732FA300136975 /* Auction.swift */; };
		E9AA197B2373305E00136975 /* AuctionListTableViewDataSource.swift in Sources */ = {isa = PBXBuildFile; fileRef = E9AA197A2373305E00136975 /* AuctionListTableViewDataSource.swift */; };
		E9AC788C237C510D00AFD98E /* ApiClient.swift in Sources */ = {isa = PBXBuildFile; fileRef = E9AC788B237C510D00AFD98E /* ApiClient.swift */; };
		E9B6459A23980A4A00558BE6 /* Auth0.framework in Frameworks */ = {isa = PBXBuildFile; fileRef = E9B6459823980A4A00558BE6 /* Auth0.framework */; };
		E9B6459B23980A4A00558BE6 /* SimpleKeychain.framework in Frameworks */ = {isa = PBXBuildFile; fileRef = E9B6459923980A4A00558BE6 /* SimpleKeychain.framework */; };
		E9B6459E2398219200558BE6 /* Auth0.plist in Resources */ = {isa = PBXBuildFile; fileRef = E9B6459D2398219200558BE6 /* Auth0.plist */; };
		E9BA20FC2360D9D000127076 /* AppDelegate.swift in Sources */ = {isa = PBXBuildFile; fileRef = E9BA20FB2360D9D000127076 /* AppDelegate.swift */; };
		E9BA20FE2360D9D000127076 /* SceneDelegate.swift in Sources */ = {isa = PBXBuildFile; fileRef = E9BA20FD2360D9D000127076 /* SceneDelegate.swift */; };
		E9BA21032360D9D000127076 /* Main.storyboard in Resources */ = {isa = PBXBuildFile; fileRef = E9BA21012360D9D000127076 /* Main.storyboard */; };
		E9BA21062360D9D000127076 /* Junk4Dollars_app.xcdatamodeld in Sources */ = {isa = PBXBuildFile; fileRef = E9BA21042360D9D000127076 /* Junk4Dollars_app.xcdatamodeld */; };
		E9BA21082360D9D100127076 /* Assets.xcassets in Resources */ = {isa = PBXBuildFile; fileRef = E9BA21072360D9D100127076 /* Assets.xcassets */; };
		E9BA210B2360D9D100127076 /* LaunchScreen.storyboard in Resources */ = {isa = PBXBuildFile; fileRef = E9BA21092360D9D100127076 /* LaunchScreen.storyboard */; };
		E9C62326239EF61B0036304C /* ApiServices.swift in Sources */ = {isa = PBXBuildFile; fileRef = E9C62325239EF61B0036304C /* ApiServices.swift */; };
		E9C62328239EF6450036304C /* ApiServicesTests.swift in Sources */ = {isa = PBXBuildFile; fileRef = E9C62327239EF6450036304C /* ApiServicesTests.swift */; };
		E9E9A84C23883C9B00808DCB /* AuctionListTableViewDataSourceTests.swift in Sources */ = {isa = PBXBuildFile; fileRef = E9E9A84B23883C9B00808DCB /* AuctionListTableViewDataSourceTests.swift */; platformFilter = ios; };
		E9EC118623982A0C000A8C8B /* Authentication.swift in Sources */ = {isa = PBXBuildFile; fileRef = E9EC118523982A0C000A8C8B /* Authentication.swift */; };
		E9EC118923982A7C000A8C8B /* FakeAuthentication.swift in Sources */ = {isa = PBXBuildFile; fileRef = E9EC118823982A7C000A8C8B /* FakeAuthentication.swift */; };
		E9EC118B23982ABF000A8C8B /* Auth0Authentication.swift in Sources */ = {isa = PBXBuildFile; fileRef = E9EC118A23982ABF000A8C8B /* Auth0Authentication.swift */; };
		E9FEC19E239EDF1D00A26881 /* Endpoints.swift in Sources */ = {isa = PBXBuildFile; fileRef = E9FEC19D239EDF1D00A26881 /* Endpoints.swift */; };
/* End PBXBuildFile section */

/* Begin PBXContainerItemProxy section */
		E93215DB23734E900073D3BD /* PBXContainerItemProxy */ = {
			isa = PBXContainerItemProxy;
			containerPortal = E9BA20F02360D9D000127076 /* Project object */;
			proxyType = 1;
			remoteGlobalIDString = E9BA20F72360D9D000127076;
			remoteInfo = "Junk4Dollars-app";
		};
		E9BA21122360D9D100127076 /* PBXContainerItemProxy */ = {
			isa = PBXContainerItemProxy;
			containerPortal = E9BA20F02360D9D000127076 /* Project object */;
			proxyType = 1;
			remoteGlobalIDString = E9BA20F72360D9D000127076;
			remoteInfo = "Junk4Dollars-app";
		};
/* End PBXContainerItemProxy section */

/* Begin PBXFileReference section */
		E910118D2373541F00018D22 /* AuctionListViewController.swift */ = {isa = PBXFileReference; lastKnownFileType = sourcecode.swift; path = AuctionListViewController.swift; sourceTree = "<group>"; };
		E9196C6B23871E4B00FCC973 /* FakeApiClient.swift */ = {isa = PBXFileReference; lastKnownFileType = sourcecode.swift; path = FakeApiClient.swift; sourceTree = "<group>"; };
		E9196C6F238723C800FCC973 /* AsyncApiClient.swift */ = {isa = PBXFileReference; lastKnownFileType = sourcecode.swift; path = AsyncApiClient.swift; sourceTree = "<group>"; };
		E9196C71238732D800FCC973 /* JsonHelper.swift */ = {isa = PBXFileReference; lastKnownFileType = sourcecode.swift; path = JsonHelper.swift; sourceTree = "<group>"; };
		E93215D623734E900073D3BD /* Junk4Dollars-appUITests.xctest */ = {isa = PBXFileReference; explicitFileType = wrapper.cfbundle; includeInIndex = 0; path = "Junk4Dollars-appUITests.xctest"; sourceTree = BUILT_PRODUCTS_DIR; };
		E93215D823734E900073D3BD /* Junk4Dollars_appUITests.swift */ = {isa = PBXFileReference; lastKnownFileType = sourcecode.swift; path = Junk4Dollars_appUITests.swift; sourceTree = "<group>"; };
		E93215DA23734E900073D3BD /* Info.plist */ = {isa = PBXFileReference; lastKnownFileType = text.plist.xml; path = Info.plist; sourceTree = "<group>"; };
		E96DC747239848CD00D60E49 /* ApiCallResult.swift */ = {isa = PBXFileReference; lastKnownFileType = sourcecode.swift; path = ApiCallResult.swift; sourceTree = "<group>"; };
		E96DC74A2398597500D60E49 /* User.swift */ = {isa = PBXFileReference; lastKnownFileType = sourcecode.swift; path = User.swift; sourceTree = "<group>"; };
		E96DC74E2399593700D60E49 /* AuthenticationDependencies.swift */ = {isa = PBXFileReference; lastKnownFileType = sourcecode.swift; path = AuthenticationDependencies.swift; sourceTree = "<group>"; };
		E96DC754239AB74E00D60E49 /* ApiDependencies.swift */ = {isa = PBXFileReference; lastKnownFileType = sourcecode.swift; path = ApiDependencies.swift; sourceTree = "<group>"; };
		E9AA1974237329D600136975 /* AuctionListViewController.swift */ = {isa = PBXFileReference; lastKnownFileType = sourcecode.swift; path = AuctionListViewController.swift; sourceTree = "<group>"; };
		E9AA197823732FA300136975 /* Auction.swift */ = {isa = PBXFileReference; lastKnownFileType = sourcecode.swift; path = Auction.swift; sourceTree = "<group>"; };
		E9AA197A2373305E00136975 /* AuctionListTableViewDataSource.swift */ = {isa = PBXFileReference; lastKnownFileType = sourcecode.swift; path = AuctionListTableViewDataSource.swift; sourceTree = "<group>"; };
		E9AC788B237C510D00AFD98E /* ApiClient.swift */ = {isa = PBXFileReference; lastKnownFileType = sourcecode.swift; path = ApiClient.swift; sourceTree = "<group>"; };
		E9B6459823980A4A00558BE6 /* Auth0.framework */ = {isa = PBXFileReference; lastKnownFileType = wrapper.framework; name = Auth0.framework; path = Carthage/Build/iOS/Auth0.framework; sourceTree = "<group>"; };
		E9B6459923980A4A00558BE6 /* SimpleKeychain.framework */ = {isa = PBXFileReference; lastKnownFileType = wrapper.framework; name = SimpleKeychain.framework; path = Carthage/Build/iOS/SimpleKeychain.framework; sourceTree = "<group>"; };
		E9B6459D2398219200558BE6 /* Auth0.plist */ = {isa = PBXFileReference; lastKnownFileType = text.plist.xml; path = Auth0.plist; sourceTree = "<group>"; };
		E9BA20F82360D9D000127076 /* Junk4Dollars-app.app */ = {isa = PBXFileReference; explicitFileType = wrapper.application; includeInIndex = 0; path = "Junk4Dollars-app.app"; sourceTree = BUILT_PRODUCTS_DIR; };
		E9BA20FB2360D9D000127076 /* AppDelegate.swift */ = {isa = PBXFileReference; lastKnownFileType = sourcecode.swift; path = AppDelegate.swift; sourceTree = "<group>"; };
		E9BA20FD2360D9D000127076 /* SceneDelegate.swift */ = {isa = PBXFileReference; lastKnownFileType = sourcecode.swift; path = SceneDelegate.swift; sourceTree = "<group>"; };
		E9BA21022360D9D000127076 /* Base */ = {isa = PBXFileReference; lastKnownFileType = file.storyboard; name = Base; path = Base.lproj/Main.storyboard; sourceTree = "<group>"; };
		E9BA21052360D9D000127076 /* Junk4Dollars_app.xcdatamodel */ = {isa = PBXFileReference; lastKnownFileType = wrapper.xcdatamodel; path = Junk4Dollars_app.xcdatamodel; sourceTree = "<group>"; };
		E9BA21072360D9D100127076 /* Assets.xcassets */ = {isa = PBXFileReference; lastKnownFileType = folder.assetcatalog; path = Assets.xcassets; sourceTree = "<group>"; };
		E9BA210A2360D9D100127076 /* Base */ = {isa = PBXFileReference; lastKnownFileType = file.storyboard; name = Base; path = Base.lproj/LaunchScreen.storyboard; sourceTree = "<group>"; };
		E9BA210C2360D9D100127076 /* Info.plist */ = {isa = PBXFileReference; lastKnownFileType = text.plist.xml; path = Info.plist; sourceTree = "<group>"; };
		E9BA21112360D9D100127076 /* Junk4Dollars-appTests.xctest */ = {isa = PBXFileReference; explicitFileType = wrapper.cfbundle; includeInIndex = 0; path = "Junk4Dollars-appTests.xctest"; sourceTree = BUILT_PRODUCTS_DIR; };
		E9BA21172360D9D100127076 /* Info.plist */ = {isa = PBXFileReference; lastKnownFileType = text.plist.xml; path = Info.plist; sourceTree = "<group>"; };
		E9C62325239EF61B0036304C /* ApiServices.swift */ = {isa = PBXFileReference; lastKnownFileType = sourcecode.swift; path = ApiServices.swift; sourceTree = "<group>"; };
		E9C62327239EF6450036304C /* ApiServicesTests.swift */ = {isa = PBXFileReference; lastKnownFileType = sourcecode.swift; path = ApiServicesTests.swift; sourceTree = "<group>"; };
		E9E9A84B23883C9B00808DCB /* AuctionListTableViewDataSourceTests.swift */ = {isa = PBXFileReference; fileEncoding = 4; lastKnownFileType = sourcecode.swift; path = AuctionListTableViewDataSourceTests.swift; sourceTree = "<group>"; };
		E9EC118523982A0C000A8C8B /* Authentication.swift */ = {isa = PBXFileReference; lastKnownFileType = sourcecode.swift; path = Authentication.swift; sourceTree = "<group>"; };
		E9EC118823982A7C000A8C8B /* FakeAuthentication.swift */ = {isa = PBXFileReference; lastKnownFileType = sourcecode.swift; path = FakeAuthentication.swift; sourceTree = "<group>"; };
		E9EC118A23982ABF000A8C8B /* Auth0Authentication.swift */ = {isa = PBXFileReference; lastKnownFileType = sourcecode.swift; path = Auth0Authentication.swift; sourceTree = "<group>"; };
		E9FEC19D239EDF1D00A26881 /* Endpoints.swift */ = {isa = PBXFileReference; lastKnownFileType = sourcecode.swift; path = Endpoints.swift; sourceTree = "<group>"; };
/* End PBXFileReference section */

/* Begin PBXFrameworksBuildPhase section */
		E93215D323734E900073D3BD /* Frameworks */ = {
			isa = PBXFrameworksBuildPhase;
			buildActionMask = 2147483647;
			files = (
			);
			runOnlyForDeploymentPostprocessing = 0;
		};
		E9BA20F52360D9D000127076 /* Frameworks */ = {
			isa = PBXFrameworksBuildPhase;
			buildActionMask = 2147483647;
			files = (
				E9B6459B23980A4A00558BE6 /* SimpleKeychain.framework in Frameworks */,
				E9B6459A23980A4A00558BE6 /* Auth0.framework in Frameworks */,
			);
			runOnlyForDeploymentPostprocessing = 0;
		};
		E9BA210E2360D9D100127076 /* Frameworks */ = {
			isa = PBXFrameworksBuildPhase;
			buildActionMask = 2147483647;
			files = (
			);
			runOnlyForDeploymentPostprocessing = 0;
		};
/* End PBXFrameworksBuildPhase section */

/* Begin PBXGroup section */
		E93215D723734E900073D3BD /* Junk4Dollars-appUITests */ = {
			isa = PBXGroup;
			children = (
				E93215D823734E900073D3BD /* Junk4Dollars_appUITests.swift */,
				E93215DA23734E900073D3BD /* Info.plist */,
			);
			path = "Junk4Dollars-appUITests";
			sourceTree = "<group>";
		};
		E96DC7492398595A00D60E49 /* Users */ = {
			isa = PBXGroup;
			children = (
				E96DC74A2398597500D60E49 /* User.swift */,
			);
			path = Users;
			sourceTree = "<group>";
		};
		E9AA197C2373310A00136975 /* Auctions */ = {
			isa = PBXGroup;
			children = (
				E9AA1974237329D600136975 /* AuctionListViewController.swift */,
				E9AA197823732FA300136975 /* Auction.swift */,
				E9AA197A2373305E00136975 /* AuctionListTableViewDataSource.swift */,
			);
			path = Auctions;
			sourceTree = "<group>";
		};
		E9AA197D2373313E00136975 /* ShowAuctions */ = {
			isa = PBXGroup;
			children = (
				E9E9A84B23883C9B00808DCB /* AuctionListTableViewDataSourceTests.swift */,
				E910118D2373541F00018D22 /* AuctionListViewController.swift */,
			);
			path = ShowAuctions;
			sourceTree = "<group>";
		};
		E9B8E56F2374BBD6001B9179 /* API */ = {
			isa = PBXGroup;
			children = (
				E9AC788B237C510D00AFD98E /* ApiClient.swift */,
				E9196C6F238723C800FCC973 /* AsyncApiClient.swift */,
				E96DC747239848CD00D60E49 /* ApiCallResult.swift */,
				E96DC754239AB74E00D60E49 /* ApiDependencies.swift */,
				E9C62325239EF61B0036304C /* ApiServices.swift */,
			);
			path = API;
			sourceTree = "<group>";
		};
		E9B8E5722374BFFA001B9179 /* API */ = {
			isa = PBXGroup;
			children = (
				E9196C6B23871E4B00FCC973 /* FakeApiClient.swift */,
				E9C62327239EF6450036304C /* ApiServicesTests.swift */,
			);
			path = API;
			sourceTree = "<group>";
		};
		E9BA20EF2360D9D000127076 = {
			isa = PBXGroup;
			children = (
				E9B6459823980A4A00558BE6 /* Auth0.framework */,
				E9B6459923980A4A00558BE6 /* SimpleKeychain.framework */,
				E9BA20FA2360D9D000127076 /* Junk4Dollars-app */,
				E9BA21142360D9D100127076 /* Junk4Dollars-appTests */,
				E93215D723734E900073D3BD /* Junk4Dollars-appUITests */,
				E9BA20F92360D9D000127076 /* Products */,
			);
			sourceTree = "<group>";
		};
		E9BA20F92360D9D000127076 /* Products */ = {
			isa = PBXGroup;
			children = (
				E9BA20F82360D9D000127076 /* Junk4Dollars-app.app */,
				E9BA21112360D9D100127076 /* Junk4Dollars-appTests.xctest */,
				E93215D623734E900073D3BD /* Junk4Dollars-appUITests.xctest */,
			);
			name = Products;
			sourceTree = "<group>";
		};
		E9BA20FA2360D9D000127076 /* Junk4Dollars-app */ = {
			isa = PBXGroup;
			children = (
				E9AA197C2373310A00136975 /* Auctions */,
				E9B8E56F2374BBD6001B9179 /* API */,
				E9EC1184239829DC000A8C8B /* Authentication */,
				E96DC7492398595A00D60E49 /* Users */,
				E9BA20FB2360D9D000127076 /* AppDelegate.swift */,
				E9BA20FD2360D9D000127076 /* SceneDelegate.swift */,
				E9BA21012360D9D000127076 /* Main.storyboard */,
				E9BA21072360D9D100127076 /* Assets.xcassets */,
				E9BA21092360D9D100127076 /* LaunchScreen.storyboard */,
				E9BA210C2360D9D100127076 /* Info.plist */,
				E9BA21042360D9D000127076 /* Junk4Dollars_app.xcdatamodeld */,
				E9B6459D2398219200558BE6 /* Auth0.plist */,
				E9FEC19D239EDF1D00A26881 /* Endpoints.swift */,
			);
			path = "Junk4Dollars-app";
			sourceTree = "<group>";
		};
		E9BA21142360D9D100127076 /* Junk4Dollars-appTests */ = {
			isa = PBXGroup;
			children = (
				E9B8E5722374BFFA001B9179 /* API */,
				E9EC118723982A6C000A8C8B /* Authentication */,
				E9AA197D2373313E00136975 /* ShowAuctions */,
				E9BA21172360D9D100127076 /* Info.plist */,
				E9196C71238732D800FCC973 /* JsonHelper.swift */,
			);
			path = "Junk4Dollars-appTests";
			sourceTree = "<group>";
		};
		E9EC1184239829DC000A8C8B /* Authentication */ = {
			isa = PBXGroup;
			children = (
				E9EC118523982A0C000A8C8B /* Authentication.swift */,
				E9EC118A23982ABF000A8C8B /* Auth0Authentication.swift */,
				E96DC74E2399593700D60E49 /* AuthenticationDependencies.swift */,
			);
			path = Authentication;
			sourceTree = "<group>";
		};
		E9EC118723982A6C000A8C8B /* Authentication */ = {
			isa = PBXGroup;
			children = (
				E9EC118823982A7C000A8C8B /* FakeAuthentication.swift */,
			);
			path = Authentication;
			sourceTree = "<group>";
		};
/* End PBXGroup section */

/* Begin PBXNativeTarget section */
		E93215D523734E900073D3BD /* Junk4Dollars-appUITests */ = {
			isa = PBXNativeTarget;
			buildConfigurationList = E93215DD23734E900073D3BD /* Build configuration list for PBXNativeTarget "Junk4Dollars-appUITests" */;
			buildPhases = (
				E93215D223734E900073D3BD /* Sources */,
				E93215D323734E900073D3BD /* Frameworks */,
				E93215D423734E900073D3BD /* Resources */,
			);
			buildRules = (
			);
			dependencies = (
				E93215DC23734E900073D3BD /* PBXTargetDependency */,
			);
			name = "Junk4Dollars-appUITests";
			productName = "Junk4Dollars-appUITests";
			productReference = E93215D623734E900073D3BD /* Junk4Dollars-appUITests.xctest */;
			productType = "com.apple.product-type.bundle.ui-testing";
		};
		E9BA20F72360D9D000127076 /* Junk4Dollars-app */ = {
			isa = PBXNativeTarget;
			buildConfigurationList = E9BA21252360D9D100127076 /* Build configuration list for PBXNativeTarget "Junk4Dollars-app" */;
			buildPhases = (
				E9BA20F42360D9D000127076 /* Sources */,
				E9BA20F52360D9D000127076 /* Frameworks */,
				E9BA20F62360D9D000127076 /* Resources */,
				E9B6459C23981A6B00558BE6 /* ShellScript */,
			);
			buildRules = (
			);
			dependencies = (
			);
			name = "Junk4Dollars-app";
			productName = "Junk4Dollars-app";
			productReference = E9BA20F82360D9D000127076 /* Junk4Dollars-app.app */;
			productType = "com.apple.product-type.application";
		};
		E9BA21102360D9D100127076 /* Junk4Dollars-appTests */ = {
			isa = PBXNativeTarget;
			buildConfigurationList = E9BA21282360D9D100127076 /* Build configuration list for PBXNativeTarget "Junk4Dollars-appTests" */;
			buildPhases = (
				E9BA210D2360D9D100127076 /* Sources */,
				E9BA210E2360D9D100127076 /* Frameworks */,
				E9BA210F2360D9D100127076 /* Resources */,
			);
			buildRules = (
			);
			dependencies = (
				E9BA21132360D9D100127076 /* PBXTargetDependency */,
			);
			name = "Junk4Dollars-appTests";
			productName = "Junk4Dollars-appTests";
			productReference = E9BA21112360D9D100127076 /* Junk4Dollars-appTests.xctest */;
			productType = "com.apple.product-type.bundle.unit-test";
		};
/* End PBXNativeTarget section */

/* Begin PBXProject section */
		E9BA20F02360D9D000127076 /* Project object */ = {
			isa = PBXProject;
			attributes = {
				LastSwiftUpdateCheck = 1120;
				LastUpgradeCheck = 1110;
				ORGANIZATIONNAME = "John Riccardi";
				TargetAttributes = {
					E93215D523734E900073D3BD = {
						CreatedOnToolsVersion = 11.2;
						TestTargetID = E9BA20F72360D9D000127076;
					};
					E9BA20F72360D9D000127076 = {
						CreatedOnToolsVersion = 11.1;
					};
					E9BA21102360D9D100127076 = {
						CreatedOnToolsVersion = 11.1;
						TestTargetID = E9BA20F72360D9D000127076;
					};
				};
			};
			buildConfigurationList = E9BA20F32360D9D000127076 /* Build configuration list for PBXProject "Junk4Dollars-app" */;
			compatibilityVersion = "Xcode 9.3";
			developmentRegion = en;
			hasScannedForEncodings = 0;
			knownRegions = (
				en,
				Base,
			);
			mainGroup = E9BA20EF2360D9D000127076;
			productRefGroup = E9BA20F92360D9D000127076 /* Products */;
			projectDirPath = "";
			projectRoot = "";
			targets = (
				E9BA20F72360D9D000127076 /* Junk4Dollars-app */,
				E9BA21102360D9D100127076 /* Junk4Dollars-appTests */,
				E93215D523734E900073D3BD /* Junk4Dollars-appUITests */,
			);
		};
/* End PBXProject section */

/* Begin PBXResourcesBuildPhase section */
		E93215D423734E900073D3BD /* Resources */ = {
			isa = PBXResourcesBuildPhase;
			buildActionMask = 2147483647;
			files = (
			);
			runOnlyForDeploymentPostprocessing = 0;
		};
		E9BA20F62360D9D000127076 /* Resources */ = {
			isa = PBXResourcesBuildPhase;
			buildActionMask = 2147483647;
			files = (
				E9BA210B2360D9D100127076 /* LaunchScreen.storyboard in Resources */,
				E9BA21082360D9D100127076 /* Assets.xcassets in Resources */,
				E9BA21032360D9D000127076 /* Main.storyboard in Resources */,
				E9B6459E2398219200558BE6 /* Auth0.plist in Resources */,
			);
			runOnlyForDeploymentPostprocessing = 0;
		};
		E9BA210F2360D9D100127076 /* Resources */ = {
			isa = PBXResourcesBuildPhase;
			buildActionMask = 2147483647;
			files = (
			);
			runOnlyForDeploymentPostprocessing = 0;
		};
/* End PBXResourcesBuildPhase section */

/* Begin PBXShellScriptBuildPhase section */
		E9B6459C23981A6B00558BE6 /* ShellScript */ = {
			isa = PBXShellScriptBuildPhase;
			buildActionMask = 2147483647;
			files = (
			);
			inputFileListPaths = (
				"$(SRCROOT)/input.xcfilelist",
			);
			inputPaths = (
			);
			outputFileListPaths = (
				"$(SRCROOT)/output.xcfilelist",
			);
			outputPaths = (
			);
			runOnlyForDeploymentPostprocessing = 0;
			shellPath = /bin/sh;
			shellScript = "# Type a script or drag a script file from your workspace to insert its path.\n/usr/local/bin/carthage copy-frameworks\n";
		};
/* End PBXShellScriptBuildPhase section */

/* Begin PBXSourcesBuildPhase section */
		E93215D223734E900073D3BD /* Sources */ = {
			isa = PBXSourcesBuildPhase;
			buildActionMask = 2147483647;
			files = (
				E93215D923734E900073D3BD /* Junk4Dollars_appUITests.swift in Sources */,
			);
			runOnlyForDeploymentPostprocessing = 0;
		};
		E9BA20F42360D9D000127076 /* Sources */ = {
			isa = PBXSourcesBuildPhase;
			buildActionMask = 2147483647;
			files = (
				E96DC74B2398597500D60E49 /* User.swift in Sources */,
				E96DC755239AB74E00D60E49 /* ApiDependencies.swift in Sources */,
				E9FEC19E239EDF1D00A26881 /* Endpoints.swift in Sources */,
				E9BA20FC2360D9D000127076 /* AppDelegate.swift in Sources */,
				E9AA1975237329D600136975 /* AuctionListViewController.swift in Sources */,
				E9C62326239EF61B0036304C /* ApiServices.swift in Sources */,
				E96DC74F2399593700D60E49 /* AuthenticationDependencies.swift in Sources */,
				E96DC748239848CD00D60E49 /* ApiCallResult.swift in Sources */,
				E9EC118623982A0C000A8C8B /* Authentication.swift in Sources */,
				E9BA21062360D9D000127076 /* Junk4Dollars_app.xcdatamodeld in Sources */,
				E9AC788C237C510D00AFD98E /* ApiClient.swift in Sources */,
				E9AA197923732FA300136975 /* Auction.swift in Sources */,
				E9AA197B2373305E00136975 /* AuctionListTableViewDataSource.swift in Sources */,
				E9196C70238723C800FCC973 /* AsyncApiClient.swift in Sources */,
				E9BA20FE2360D9D000127076 /* SceneDelegate.swift in Sources */,
				E9EC118B23982ABF000A8C8B /* Auth0Authentication.swift in Sources */,
			);
			runOnlyForDeploymentPostprocessing = 0;
		};
		E9BA210D2360D9D100127076 /* Sources */ = {
			isa = PBXSourcesBuildPhase;
			buildActionMask = 2147483647;
			files = (
				E9EC118923982A7C000A8C8B /* FakeAuthentication.swift in Sources */,
				E9196C6C23871E4B00FCC973 /* FakeApiClient.swift in Sources */,
				E9C62328239EF6450036304C /* ApiServicesTests.swift in Sources */,
				E9196C72238732D800FCC973 /* JsonHelper.swift in Sources */,
				E910118E2373541F00018D22 /* AuctionListViewController.swift in Sources */,
				E9E9A84C23883C9B00808DCB /* AuctionListTableViewDataSourceTests.swift in Sources */,
			);
			runOnlyForDeploymentPostprocessing = 0;
		};
/* End PBXSourcesBuildPhase section */

/* Begin PBXTargetDependency section */
		E93215DC23734E900073D3BD /* PBXTargetDependency */ = {
			isa = PBXTargetDependency;
			platformFilter = ios;
			target = E9BA20F72360D9D000127076 /* Junk4Dollars-app */;
			targetProxy = E93215DB23734E900073D3BD /* PBXContainerItemProxy */;
		};
		E9BA21132360D9D100127076 /* PBXTargetDependency */ = {
			isa = PBXTargetDependency;
			platformFilter = ios;
			target = E9BA20F72360D9D000127076 /* Junk4Dollars-app */;
			targetProxy = E9BA21122360D9D100127076 /* PBXContainerItemProxy */;
		};
/* End PBXTargetDependency section */

/* Begin PBXVariantGroup section */
		E9BA21012360D9D000127076 /* Main.storyboard */ = {
			isa = PBXVariantGroup;
			children = (
				E9BA21022360D9D000127076 /* Base */,
			);
			name = Main.storyboard;
			sourceTree = "<group>";
		};
		E9BA21092360D9D100127076 /* LaunchScreen.storyboard */ = {
			isa = PBXVariantGroup;
			children = (
				E9BA210A2360D9D100127076 /* Base */,
			);
			name = LaunchScreen.storyboard;
			sourceTree = "<group>";
		};
/* End PBXVariantGroup section */

/* Begin XCBuildConfiguration section */
		E93215DE23734E900073D3BD /* Debug */ = {
			isa = XCBuildConfiguration;
			buildSettings = {
				CODE_SIGN_STYLE = Automatic;
				INFOPLIST_FILE = "Junk4Dollars-appUITests/Info.plist";
				IPHONEOS_DEPLOYMENT_TARGET = 13.2;
				LD_RUNPATH_SEARCH_PATHS = (
					"$(inherited)",
					"@executable_path/Frameworks",
					"@loader_path/Frameworks",
				);
				PRODUCT_BUNDLE_IDENTIFIER = "com.example.Junk4Dollars-appUITests";
				PRODUCT_NAME = "$(TARGET_NAME)";
				SWIFT_VERSION = 5.0;
				TARGETED_DEVICE_FAMILY = "1,2";
				TEST_TARGET_NAME = "Junk4Dollars-app";
			};
			name = Debug;
		};
		E93215DF23734E900073D3BD /* Release */ = {
			isa = XCBuildConfiguration;
			buildSettings = {
				CODE_SIGN_STYLE = Automatic;
				INFOPLIST_FILE = "Junk4Dollars-appUITests/Info.plist";
				IPHONEOS_DEPLOYMENT_TARGET = 13.2;
				LD_RUNPATH_SEARCH_PATHS = (
					"$(inherited)",
					"@executable_path/Frameworks",
					"@loader_path/Frameworks",
				);
				PRODUCT_BUNDLE_IDENTIFIER = "com.example.Junk4Dollars-appUITests";
				PRODUCT_NAME = "$(TARGET_NAME)";
				SWIFT_VERSION = 5.0;
				TARGETED_DEVICE_FAMILY = "1,2";
				TEST_TARGET_NAME = "Junk4Dollars-app";
			};
			name = Release;
		};
		E9BA21232360D9D100127076 /* Debug */ = {
			isa = XCBuildConfiguration;
			buildSettings = {
				ALWAYS_SEARCH_USER_PATHS = NO;
				CLANG_ANALYZER_NONNULL = YES;
				CLANG_ANALYZER_NUMBER_OBJECT_CONVERSION = YES_AGGRESSIVE;
				CLANG_CXX_LANGUAGE_STANDARD = "gnu++14";
				CLANG_CXX_LIBRARY = "libc++";
				CLANG_ENABLE_MODULES = YES;
				CLANG_ENABLE_OBJC_ARC = YES;
				CLANG_ENABLE_OBJC_WEAK = YES;
				CLANG_WARN_BLOCK_CAPTURE_AUTORELEASING = YES;
				CLANG_WARN_BOOL_CONVERSION = YES;
				CLANG_WARN_COMMA = YES;
				CLANG_WARN_CONSTANT_CONVERSION = YES;
				CLANG_WARN_DEPRECATED_OBJC_IMPLEMENTATIONS = YES;
				CLANG_WARN_DIRECT_OBJC_ISA_USAGE = YES_ERROR;
				CLANG_WARN_DOCUMENTATION_COMMENTS = YES;
				CLANG_WARN_EMPTY_BODY = YES;
				CLANG_WARN_ENUM_CONVERSION = YES;
				CLANG_WARN_INFINITE_RECURSION = YES;
				CLANG_WARN_INT_CONVERSION = YES;
				CLANG_WARN_NON_LITERAL_NULL_CONVERSION = YES;
				CLANG_WARN_OBJC_IMPLICIT_RETAIN_SELF = YES;
				CLANG_WARN_OBJC_LITERAL_CONVERSION = YES;
				CLANG_WARN_OBJC_ROOT_CLASS = YES_ERROR;
				CLANG_WARN_RANGE_LOOP_ANALYSIS = YES;
				CLANG_WARN_STRICT_PROTOTYPES = YES;
				CLANG_WARN_SUSPICIOUS_MOVE = YES;
				CLANG_WARN_UNGUARDED_AVAILABILITY = YES_AGGRESSIVE;
				CLANG_WARN_UNREACHABLE_CODE = YES;
				CLANG_WARN__DUPLICATE_METHOD_MATCH = YES;
				CODE_SIGN_IDENTITY = "iPhone Developer";
				COPY_PHASE_STRIP = NO;
				DEBUG_INFORMATION_FORMAT = dwarf;
				DEVELOPMENT_TEAM = GL56NVSP8T;
				ENABLE_STRICT_OBJC_MSGSEND = YES;
				ENABLE_TESTABILITY = YES;
				GCC_C_LANGUAGE_STANDARD = gnu11;
				GCC_DYNAMIC_NO_PIC = NO;
				GCC_NO_COMMON_BLOCKS = YES;
				GCC_OPTIMIZATION_LEVEL = 0;
				GCC_PREPROCESSOR_DEFINITIONS = (
					"DEBUG=1",
					"$(inherited)",
				);
				GCC_WARN_64_TO_32_BIT_CONVERSION = YES;
				GCC_WARN_ABOUT_RETURN_TYPE = YES_ERROR;
				GCC_WARN_UNDECLARED_SELECTOR = YES;
				GCC_WARN_UNINITIALIZED_AUTOS = YES_AGGRESSIVE;
				GCC_WARN_UNUSED_FUNCTION = YES;
				GCC_WARN_UNUSED_VARIABLE = YES;
				IPHONEOS_DEPLOYMENT_TARGET = 13.1;
				MTL_ENABLE_DEBUG_INFO = INCLUDE_SOURCE;
				MTL_FAST_MATH = YES;
				ONLY_ACTIVE_ARCH = YES;
				SDKROOT = iphoneos;
				SWIFT_ACTIVE_COMPILATION_CONDITIONS = DEBUG;
				SWIFT_OPTIMIZATION_LEVEL = "-Onone";
			};
			name = Debug;
		};
		E9BA21242360D9D100127076 /* Release */ = {
			isa = XCBuildConfiguration;
			buildSettings = {
				ALWAYS_SEARCH_USER_PATHS = NO;
				CLANG_ANALYZER_NONNULL = YES;
				CLANG_ANALYZER_NUMBER_OBJECT_CONVERSION = YES_AGGRESSIVE;
				CLANG_CXX_LANGUAGE_STANDARD = "gnu++14";
				CLANG_CXX_LIBRARY = "libc++";
				CLANG_ENABLE_MODULES = YES;
				CLANG_ENABLE_OBJC_ARC = YES;
				CLANG_ENABLE_OBJC_WEAK = YES;
				CLANG_WARN_BLOCK_CAPTURE_AUTORELEASING = YES;
				CLANG_WARN_BOOL_CONVERSION = YES;
				CLANG_WARN_COMMA = YES;
				CLANG_WARN_CONSTANT_CONVERSION = YES;
				CLANG_WARN_DEPRECATED_OBJC_IMPLEMENTATIONS = YES;
				CLANG_WARN_DIRECT_OBJC_ISA_USAGE = YES_ERROR;
				CLANG_WARN_DOCUMENTATION_COMMENTS = YES;
				CLANG_WARN_EMPTY_BODY = YES;
				CLANG_WARN_ENUM_CONVERSION = YES;
				CLANG_WARN_INFINITE_RECURSION = YES;
				CLANG_WARN_INT_CONVERSION = YES;
				CLANG_WARN_NON_LITERAL_NULL_CONVERSION = YES;
				CLANG_WARN_OBJC_IMPLICIT_RETAIN_SELF = YES;
				CLANG_WARN_OBJC_LITERAL_CONVERSION = YES;
				CLANG_WARN_OBJC_ROOT_CLASS = YES_ERROR;
				CLANG_WARN_RANGE_LOOP_ANALYSIS = YES;
				CLANG_WARN_STRICT_PROTOTYPES = YES;
				CLANG_WARN_SUSPICIOUS_MOVE = YES;
				CLANG_WARN_UNGUARDED_AVAILABILITY = YES_AGGRESSIVE;
				CLANG_WARN_UNREACHABLE_CODE = YES;
				CLANG_WARN__DUPLICATE_METHOD_MATCH = YES;
				CODE_SIGN_IDENTITY = "iPhone Developer";
				COPY_PHASE_STRIP = NO;
				DEBUG_INFORMATION_FORMAT = "dwarf-with-dsym";
				DEVELOPMENT_TEAM = GL56NVSP8T;
				ENABLE_NS_ASSERTIONS = NO;
				ENABLE_STRICT_OBJC_MSGSEND = YES;
				GCC_C_LANGUAGE_STANDARD = gnu11;
				GCC_NO_COMMON_BLOCKS = YES;
				GCC_WARN_64_TO_32_BIT_CONVERSION = YES;
				GCC_WARN_ABOUT_RETURN_TYPE = YES_ERROR;
				GCC_WARN_UNDECLARED_SELECTOR = YES;
				GCC_WARN_UNINITIALIZED_AUTOS = YES_AGGRESSIVE;
				GCC_WARN_UNUSED_FUNCTION = YES;
				GCC_WARN_UNUSED_VARIABLE = YES;
				IPHONEOS_DEPLOYMENT_TARGET = 13.1;
				MTL_ENABLE_DEBUG_INFO = NO;
				MTL_FAST_MATH = YES;
				SDKROOT = iphoneos;
				SWIFT_COMPILATION_MODE = wholemodule;
				SWIFT_OPTIMIZATION_LEVEL = "-O";
				VALIDATE_PRODUCT = YES;
			};
			name = Release;
		};
		E9BA21262360D9D100127076 /* Debug */ = {
			isa = XCBuildConfiguration;
			buildSettings = {
				ASSETCATALOG_COMPILER_APPICON_NAME = AppIcon;
				CODE_SIGN_STYLE = Automatic;
				FRAMEWORK_SEARCH_PATHS = (
					"$(inherited)",
					"$(PROJECT_DIR)/Carthage/Build/iOS",
				);
				INFOPLIST_FILE = "Junk4Dollars-app/Info.plist";
				LD_RUNPATH_SEARCH_PATHS = (
					"$(inherited)",
					"@executable_path/Frameworks",
				);
				PRODUCT_BUNDLE_IDENTIFIER = "com.example.Junk4Dollars-app";
				PRODUCT_NAME = "$(TARGET_NAME)";
				SWIFT_VERSION = 5.0;
				TARGETED_DEVICE_FAMILY = "1,2";
			};
			name = Debug;
		};
		E9BA21272360D9D100127076 /* Release */ = {
			isa = XCBuildConfiguration;
			buildSettings = {
				ASSETCATALOG_COMPILER_APPICON_NAME = AppIcon;
				CODE_SIGN_STYLE = Automatic;
				FRAMEWORK_SEARCH_PATHS = (
					"$(inherited)",
					"$(PROJECT_DIR)/Carthage/Build/iOS",
				);
				INFOPLIST_FILE = "Junk4Dollars-app/Info.plist";
				LD_RUNPATH_SEARCH_PATHS = (
					"$(inherited)",
					"@executable_path/Frameworks",
				);
				PRODUCT_BUNDLE_IDENTIFIER = "com.example.Junk4Dollars-app";
				PRODUCT_NAME = "$(TARGET_NAME)";
				SWIFT_VERSION = 5.0;
				TARGETED_DEVICE_FAMILY = "1,2";
			};
			name = Release;
		};
		E9BA21292360D9D100127076 /* Debug */ = {
			isa = XCBuildConfiguration;
			buildSettings = {
				ALWAYS_EMBED_SWIFT_STANDARD_LIBRARIES = YES;
				BUNDLE_LOADER = "$(TEST_HOST)";
				CODE_SIGN_STYLE = Automatic;
				INFOPLIST_FILE = "Junk4Dollars-appTests/Info.plist";
				IPHONEOS_DEPLOYMENT_TARGET = 13.1;
				LD_RUNPATH_SEARCH_PATHS = (
					"$(inherited)",
					"@executable_path/Frameworks",
					"@loader_path/Frameworks",
				);
				PRODUCT_BUNDLE_IDENTIFIER = "com.example.Junk4Dollars-appTests";
				PRODUCT_NAME = "$(TARGET_NAME)";
				SWIFT_VERSION = 5.0;
				TARGETED_DEVICE_FAMILY = "1,2";
				TEST_HOST = "$(BUILT_PRODUCTS_DIR)/Junk4Dollars-app.app/Junk4Dollars-app";
			};
			name = Debug;
		};
		E9BA212A2360D9D100127076 /* Release */ = {
			isa = XCBuildConfiguration;
			buildSettings = {
				ALWAYS_EMBED_SWIFT_STANDARD_LIBRARIES = YES;
				BUNDLE_LOADER = "$(TEST_HOST)";
				CODE_SIGN_STYLE = Automatic;
				INFOPLIST_FILE = "Junk4Dollars-appTests/Info.plist";
				IPHONEOS_DEPLOYMENT_TARGET = 13.1;
				LD_RUNPATH_SEARCH_PATHS = (
					"$(inherited)",
					"@executable_path/Frameworks",
					"@loader_path/Frameworks",
				);
				PRODUCT_BUNDLE_IDENTIFIER = "com.example.Junk4Dollars-appTests";
				PRODUCT_NAME = "$(TARGET_NAME)";
				SWIFT_VERSION = 5.0;
				TARGETED_DEVICE_FAMILY = "1,2";
				TEST_HOST = "$(BUILT_PRODUCTS_DIR)/Junk4Dollars-app.app/Junk4Dollars-app";
			};
			name = Release;
		};
/* End XCBuildConfiguration section */

/* Begin XCConfigurationList section */
		E93215DD23734E900073D3BD /* Build configuration list for PBXNativeTarget "Junk4Dollars-appUITests" */ = {
			isa = XCConfigurationList;
			buildConfigurations = (
				E93215DE23734E900073D3BD /* Debug */,
				E93215DF23734E900073D3BD /* Release */,
			);
			defaultConfigurationIsVisible = 0;
			defaultConfigurationName = Release;
		};
		E9BA20F32360D9D000127076 /* Build configuration list for PBXProject "Junk4Dollars-app" */ = {
			isa = XCConfigurationList;
			buildConfigurations = (
				E9BA21232360D9D100127076 /* Debug */,
				E9BA21242360D9D100127076 /* Release */,
			);
			defaultConfigurationIsVisible = 0;
			defaultConfigurationName = Release;
		};
		E9BA21252360D9D100127076 /* Build configuration list for PBXNativeTarget "Junk4Dollars-app" */ = {
			isa = XCConfigurationList;
			buildConfigurations = (
				E9BA21262360D9D100127076 /* Debug */,
				E9BA21272360D9D100127076 /* Release */,
			);
			defaultConfigurationIsVisible = 0;
			defaultConfigurationName = Release;
		};
		E9BA21282360D9D100127076 /* Build configuration list for PBXNativeTarget "Junk4Dollars-appTests" */ = {
			isa = XCConfigurationList;
			buildConfigurations = (
				E9BA21292360D9D100127076 /* Debug */,
				E9BA212A2360D9D100127076 /* Release */,
			);
			defaultConfigurationIsVisible = 0;
			defaultConfigurationName = Release;
		};
/* End XCConfigurationList section */

/* Begin XCVersionGroup section */
		E9BA21042360D9D000127076 /* Junk4Dollars_app.xcdatamodeld */ = {
			isa = XCVersionGroup;
			children = (
				E9BA21052360D9D000127076 /* Junk4Dollars_app.xcdatamodel */,
			);
			currentVersion = E9BA21052360D9D000127076 /* Junk4Dollars_app.xcdatamodel */;
			path = Junk4Dollars_app.xcdatamodeld;
			sourceTree = "<group>";
			versionGroupType = wrapper.xcdatamodel;
		};
/* End XCVersionGroup section */
	};
	rootObject = E9BA20F02360D9D000127076 /* Project object */;
}
